
Microsoft Visual Studio Solution File, Format Version 12.00
# Visual Studio Version 17
VisualStudioVersion = 17.4.33110.190
MinimumVisualStudioVersion = 10.0.40219.1
Project("{2150E333-8FDC-42A3-9474-1A3956D46DE8}") = "Solution Items", "Solution Items", "{B9228BA8-CD33-459B-8242-77137938114D}"
	ProjectSection(SolutionItems) = preProject
		.dockerignore = .dockerignore
		.gitattributes = .gitattributes
		.gitignore = .gitignore
		.gitmodules = .gitmodules
		README.md = README.md
	EndProjectSection
EndProject
Project("{2150E333-8FDC-42A3-9474-1A3956D46DE8}") = "src", "src", "{7A57E6FD-B65B-41C9-8639-FD82FF556287}"
EndProject
Project("{2150E333-8FDC-42A3-9474-1A3956D46DE8}") = "Infrastructure", "Infrastructure", "{2FA0A84E-0B5A-48ED-ABEA-1D3C9EDA46CB}"
EndProject
Project("{2150E333-8FDC-42A3-9474-1A3956D46DE8}") = "Cache", "Cache", "{E5CC0A4C-5CE2-407C-AC84-F4900A17ACBF}"
EndProject
Project("{2150E333-8FDC-42A3-9474-1A3956D46DE8}") = "Share", "Share", "{E089B79A-739A-4B0E-9E11-0FE6A08C4AEB}"
EndProject
Project("{2150E333-8FDC-42A3-9474-1A3956D46DE8}") = "Security", "Security", "{2424556E-45C4-4D40-9A0F-D9B71B560690}"
EndProject
Project("{2150E333-8FDC-42A3-9474-1A3956D46DE8}") = "Services", "Services", "{292D7B84-E10F-4D5A-927E-6F97397B4232}"
EndProject
Project("{2150E333-8FDC-42A3-9474-1A3956D46DE8}") = "Example", "Example", "{E3C32324-85DB-4B0F-8A2E-F64960BA1C02}"
EndProject
Project("{9A19103F-16F7-4668-BE54-9A1E7A4F7556}") = "Ciizo.Infrastructure.Share", "src\Infrastructure\Share\Ciizo.Infrastructure.Share\Ciizo.Infrastructure.Share.csproj", "{E43A4B3C-91DB-4ACE-8311-E1C7089C0AA8}"
EndProject
Project("{9A19103F-16F7-4668-BE54-9A1E7A4F7556}") = "Ciizo.Infrastructure.Security", "src\Infrastructure\Security\Ciizo.Infrastructure.Security\Ciizo.Infrastructure.Security.csproj", "{418C2B1E-65DE-4C62-B23F-7304A28D24F9}"
EndProject
Project("{2150E333-8FDC-42A3-9474-1A3956D46DE8}") = "General", "General", "{28E73B15-1CBD-4776-A198-FE761A815F13}"
EndProject
Project("{9A19103F-16F7-4668-BE54-9A1E7A4F7556}") = "Ciizo.Infrastructure.General", "src\Infrastructure\General\Ciizo.Infrastructure.General\Ciizo.Infrastructure.General.csproj", "{F45B57A8-EF9F-4A15-A7D9-2F9FA18717E6}"
EndProject
Project("{9A19103F-16F7-4668-BE54-9A1E7A4F7556}") = "Ciizo.Infrastructure.Cache", "src\Infrastructure\Cache\Ciizo.Infrastructure.Cache\Ciizo.Infrastructure.Cache.csproj", "{4CAA05AA-9B62-4FAB-8A74-3FD0149BBBDB}"
EndProject
Project("{2150E333-8FDC-42A3-9474-1A3956D46DE8}") = "src", "src", "{18BB08EF-9684-4C8D-865B-029C406A1881}"
EndProject
Project("{2150E333-8FDC-42A3-9474-1A3956D46DE8}") = "tests", "tests", "{F78104EE-3D19-48CD-8358-B3A2CB88834C}"
EndProject
Project("{9A19103F-16F7-4668-BE54-9A1E7A4F7556}") = "Ciizo.Example.Infrastructure", "src\Services\Example\src\Ciizo.Example.Infrastructure\Ciizo.Example.Infrastructure.csproj", "{6F86B93D-4FFD-48EF-826B-5AB0F6B3DEB1}"
EndProject
Project("{9A19103F-16F7-4668-BE54-9A1E7A4F7556}") = "Ciizo.Example.Api", "src\Services\Example\src\Ciizo.Example.Api\Ciizo.Example.Api.csproj", "{B5F6D8EB-7E4C-44A3-8577-4AE4F724AF99}"
EndProject
Project("{9A19103F-16F7-4668-BE54-9A1E7A4F7556}") = "Ciizo.Example.Domain.Logic", "src\Services\Example\src\Ciizo.Example.Domain.Logic\Ciizo.Example.Domain.Logic.csproj", "{984829C6-F7B4-4408-A547-46D8D96FCD21}"
EndProject
Project("{9A19103F-16F7-4668-BE54-9A1E7A4F7556}") = "Ciizo.Example.Domain.Entities", "src\Services\Example\src\Ciizo.Example.Domain.Entities\Ciizo.Example.Domain.Entities.csproj", "{B6D89D0A-34E4-4465-9D39-D64F585AC3D9}"
EndProject
Project("{2150E333-8FDC-42A3-9474-1A3956D46DE8}") = "Domain", "Domain", "{86118FD1-F27F-4AED-AD79-C7DBFD0D2731}"
EndProject
Project("{9A19103F-16F7-4668-BE54-9A1E7A4F7556}") = "Ciizo.Domain.General", "src\Domain\Ciizo.Domain.General\Ciizo.Domain.General.csproj", "{B646FD96-345D-4319-90C4-E25616F0A4B4}"
EndProject
Project("{2150E333-8FDC-42A3-9474-1A3956D46DE8}") = "SubrepoService", "SubrepoService", "{C7995137-10B0-47D6-94CA-C5193E486B8F}"
EndProject
Project("{2150E333-8FDC-42A3-9474-1A3956D46DE8}") = "Application", "Application", "{7E43B47B-6B55-4C77-AE02-BCB415C2B850}"
EndProject
Project("{2150E333-8FDC-42A3-9474-1A3956D46DE8}") = "Domain", "Domain", "{8A4BA635-872E-4A28-9E96-791256BF2FE8}"
EndProject
Project("{2150E333-8FDC-42A3-9474-1A3956D46DE8}") = "Infrastructure", "Infrastructure", "{3E59D441-8BDD-4484-93C6-D6893C0B7E15}"
EndProject
Project("{9A19103F-16F7-4668-BE54-9A1E7A4F7556}") = "Ciizo.Example.Api", "src\Services\SubrepoService\src\Application\Ciizo.Example.Api\Ciizo.Example.Api.csproj", "{4BE5297C-19DE-45D5-8B47-59AA95296937}"
EndProject
Project("{9A19103F-16F7-4668-BE54-9A1E7A4F7556}") = "Ciizo.Example.Domain.Entities", "src\Services\SubrepoService\src\Domain\Ciizo.Example.Domain.Entities\Ciizo.Example.Domain.Entities.csproj", "{EB11D370-709C-4FEB-969B-E47F67C07E42}"
EndProject
Project("{9A19103F-16F7-4668-BE54-9A1E7A4F7556}") = "Ciizo.Example.Domain.Logic", "src\Services\SubrepoService\src\Domain\Ciizo.Example.Domain.Logic\Ciizo.Example.Domain.Logic.csproj", "{596CCE7F-2BC9-436E-AD1B-3A51FDD53614}"
EndProject
Project("{9A19103F-16F7-4668-BE54-9A1E7A4F7556}") = "Ciizo.Example.Infrastructure", "src\Services\SubrepoService\src\Infrastructure\Ciizo.Example.Infrastructure\Ciizo.Example.Infrastructure.csproj", "{E5A72814-FCD4-472D-A829-BE039929070B}"
EndProject
Global
	GlobalSection(SolutionConfigurationPlatforms) = preSolution
		Debug|Any CPU = Debug|Any CPU
		Release|Any CPU = Release|Any CPU
	EndGlobalSection
	GlobalSection(ProjectConfigurationPlatforms) = postSolution
		{E43A4B3C-91DB-4ACE-8311-E1C7089C0AA8}.Debug|Any CPU.ActiveCfg = Debug|Any CPU
		{E43A4B3C-91DB-4ACE-8311-E1C7089C0AA8}.Debug|Any CPU.Build.0 = Debug|Any CPU
		{E43A4B3C-91DB-4ACE-8311-E1C7089C0AA8}.Release|Any CPU.ActiveCfg = Release|Any CPU
		{E43A4B3C-91DB-4ACE-8311-E1C7089C0AA8}.Release|Any CPU.Build.0 = Release|Any CPU
		{418C2B1E-65DE-4C62-B23F-7304A28D24F9}.Debug|Any CPU.ActiveCfg = Debug|Any CPU
		{418C2B1E-65DE-4C62-B23F-7304A28D24F9}.Debug|Any CPU.Build.0 = Debug|Any CPU
		{418C2B1E-65DE-4C62-B23F-7304A28D24F9}.Release|Any CPU.ActiveCfg = Release|Any CPU
		{418C2B1E-65DE-4C62-B23F-7304A28D24F9}.Release|Any CPU.Build.0 = Release|Any CPU
		{F45B57A8-EF9F-4A15-A7D9-2F9FA18717E6}.Debug|Any CPU.ActiveCfg = Debug|Any CPU
		{F45B57A8-EF9F-4A15-A7D9-2F9FA18717E6}.Debug|Any CPU.Build.0 = Debug|Any CPU
		{F45B57A8-EF9F-4A15-A7D9-2F9FA18717E6}.Release|Any CPU.ActiveCfg = Release|Any CPU
		{F45B57A8-EF9F-4A15-A7D9-2F9FA18717E6}.Release|Any CPU.Build.0 = Release|Any CPU
		{4CAA05AA-9B62-4FAB-8A74-3FD0149BBBDB}.Debug|Any CPU.ActiveCfg = Debug|Any CPU
		{4CAA05AA-9B62-4FAB-8A74-3FD0149BBBDB}.Debug|Any CPU.Build.0 = Debug|Any CPU
		{4CAA05AA-9B62-4FAB-8A74-3FD0149BBBDB}.Release|Any CPU.ActiveCfg = Release|Any CPU
		{4CAA05AA-9B62-4FAB-8A74-3FD0149BBBDB}.Release|Any CPU.Build.0 = Release|Any CPU
		{6F86B93D-4FFD-48EF-826B-5AB0F6B3DEB1}.Debug|Any CPU.ActiveCfg = Debug|Any CPU
		{6F86B93D-4FFD-48EF-826B-5AB0F6B3DEB1}.Debug|Any CPU.Build.0 = Debug|Any CPU
		{6F86B93D-4FFD-48EF-826B-5AB0F6B3DEB1}.Release|Any CPU.ActiveCfg = Release|Any CPU
		{6F86B93D-4FFD-48EF-826B-5AB0F6B3DEB1}.Release|Any CPU.Build.0 = Release|Any CPU
		{B5F6D8EB-7E4C-44A3-8577-4AE4F724AF99}.Debug|Any CPU.ActiveCfg = Debug|Any CPU
		{B5F6D8EB-7E4C-44A3-8577-4AE4F724AF99}.Debug|Any CPU.Build.0 = Debug|Any CPU
		{B5F6D8EB-7E4C-44A3-8577-4AE4F724AF99}.Release|Any CPU.ActiveCfg = Release|Any CPU
		{B5F6D8EB-7E4C-44A3-8577-4AE4F724AF99}.Release|Any CPU.Build.0 = Release|Any CPU
		{984829C6-F7B4-4408-A547-46D8D96FCD21}.Debug|Any CPU.ActiveCfg = Debug|Any CPU
		{984829C6-F7B4-4408-A547-46D8D96FCD21}.Debug|Any CPU.Build.0 = Debug|Any CPU
		{984829C6-F7B4-4408-A547-46D8D96FCD21}.Release|Any CPU.ActiveCfg = Release|Any CPU
		{984829C6-F7B4-4408-A547-46D8D96FCD21}.Release|Any CPU.Build.0 = Release|Any CPU
		{B6D89D0A-34E4-4465-9D39-D64F585AC3D9}.Debug|Any CPU.ActiveCfg = Debug|Any CPU
		{B6D89D0A-34E4-4465-9D39-D64F585AC3D9}.Debug|Any CPU.Build.0 = Debug|Any CPU
		{B6D89D0A-34E4-4465-9D39-D64F585AC3D9}.Release|Any CPU.ActiveCfg = Release|Any CPU
		{B6D89D0A-34E4-4465-9D39-D64F585AC3D9}.Release|Any CPU.Build.0 = Release|Any CPU
		{B646FD96-345D-4319-90C4-E25616F0A4B4}.Debug|Any CPU.ActiveCfg = Debug|Any CPU
		{B646FD96-345D-4319-90C4-E25616F0A4B4}.Debug|Any CPU.Build.0 = Debug|Any CPU
		{B646FD96-345D-4319-90C4-E25616F0A4B4}.Release|Any CPU.ActiveCfg = Release|Any CPU
		{B646FD96-345D-4319-90C4-E25616F0A4B4}.Release|Any CPU.Build.0 = Release|Any CPU
		{4BE5297C-19DE-45D5-8B47-59AA95296937}.Debug|Any CPU.ActiveCfg = Debug|Any CPU
		{4BE5297C-19DE-45D5-8B47-59AA95296937}.Debug|Any CPU.Build.0 = Debug|Any CPU
		{4BE5297C-19DE-45D5-8B47-59AA95296937}.Release|Any CPU.ActiveCfg = Release|Any CPU
		{4BE5297C-19DE-45D5-8B47-59AA95296937}.Release|Any CPU.Build.0 = Release|Any CPU
		{EB11D370-709C-4FEB-969B-E47F67C07E42}.Debug|Any CPU.ActiveCfg = Debug|Any CPU
		{EB11D370-709C-4FEB-969B-E47F67C07E42}.Debug|Any CPU.Build.0 = Debug|Any CPU
		{EB11D370-709C-4FEB-969B-E47F67C07E42}.Release|Any CPU.ActiveCfg = Release|Any CPU
		{EB11D370-709C-4FEB-969B-E47F67C07E42}.Release|Any CPU.Build.0 = Release|Any CPU
		{596CCE7F-2BC9-436E-AD1B-3A51FDD53614}.Debug|Any CPU.ActiveCfg = Debug|Any CPU
		{596CCE7F-2BC9-436E-AD1B-3A51FDD53614}.Debug|Any CPU.Build.0 = Debug|Any CPU
		{596CCE7F-2BC9-436E-AD1B-3A51FDD53614}.Release|Any CPU.ActiveCfg = Release|Any CPU
		{596CCE7F-2BC9-436E-AD1B-3A51FDD53614}.Release|Any CPU.Build.0 = Release|Any CPU
		{E5A72814-FCD4-472D-A829-BE039929070B}.Debug|Any CPU.ActiveCfg = Debug|Any CPU
		{E5A72814-FCD4-472D-A829-BE039929070B}.Debug|Any CPU.Build.0 = Debug|Any CPU
		{E5A72814-FCD4-472D-A829-BE039929070B}.Release|Any CPU.ActiveCfg = Release|Any CPU
		{E5A72814-FCD4-472D-A829-BE039929070B}.Release|Any CPU.Build.0 = Release|Any CPU
	EndGlobalSection
	GlobalSection(SolutionProperties) = preSolution
		HideSolutionNode = FALSE
	EndGlobalSection
	GlobalSection(NestedProjects) = preSolution
		{2FA0A84E-0B5A-48ED-ABEA-1D3C9EDA46CB} = {7A57E6FD-B65B-41C9-8639-FD82FF556287}
		{E5CC0A4C-5CE2-407C-AC84-F4900A17ACBF} = {2FA0A84E-0B5A-48ED-ABEA-1D3C9EDA46CB}
		{E089B79A-739A-4B0E-9E11-0FE6A08C4AEB} = {2FA0A84E-0B5A-48ED-ABEA-1D3C9EDA46CB}
		{2424556E-45C4-4D40-9A0F-D9B71B560690} = {2FA0A84E-0B5A-48ED-ABEA-1D3C9EDA46CB}
		{292D7B84-E10F-4D5A-927E-6F97397B4232} = {7A57E6FD-B65B-41C9-8639-FD82FF556287}
		{E3C32324-85DB-4B0F-8A2E-F64960BA1C02} = {292D7B84-E10F-4D5A-927E-6F97397B4232}
		{E43A4B3C-91DB-4ACE-8311-E1C7089C0AA8} = {E089B79A-739A-4B0E-9E11-0FE6A08C4AEB}
		{418C2B1E-65DE-4C62-B23F-7304A28D24F9} = {2424556E-45C4-4D40-9A0F-D9B71B560690}
		{28E73B15-1CBD-4776-A198-FE761A815F13} = {2FA0A84E-0B5A-48ED-ABEA-1D3C9EDA46CB}
		{F45B57A8-EF9F-4A15-A7D9-2F9FA18717E6} = {28E73B15-1CBD-4776-A198-FE761A815F13}
		{4CAA05AA-9B62-4FAB-8A74-3FD0149BBBDB} = {E5CC0A4C-5CE2-407C-AC84-F4900A17ACBF}
		{18BB08EF-9684-4C8D-865B-029C406A1881} = {E3C32324-85DB-4B0F-8A2E-F64960BA1C02}
		{F78104EE-3D19-48CD-8358-B3A2CB88834C} = {E3C32324-85DB-4B0F-8A2E-F64960BA1C02}
		{6F86B93D-4FFD-48EF-826B-5AB0F6B3DEB1} = {18BB08EF-9684-4C8D-865B-029C406A1881}
		{B5F6D8EB-7E4C-44A3-8577-4AE4F724AF99} = {18BB08EF-9684-4C8D-865B-029C406A1881}
		{984829C6-F7B4-4408-A547-46D8D96FCD21} = {18BB08EF-9684-4C8D-865B-029C406A1881}
		{B6D89D0A-34E4-4465-9D39-D64F585AC3D9} = {18BB08EF-9684-4C8D-865B-029C406A1881}
		{86118FD1-F27F-4AED-AD79-C7DBFD0D2731} = {7A57E6FD-B65B-41C9-8639-FD82FF556287}
		{B646FD96-345D-4319-90C4-E25616F0A4B4} = {86118FD1-F27F-4AED-AD79-C7DBFD0D2731}
		{C7995137-10B0-47D6-94CA-C5193E486B8F} = {292D7B84-E10F-4D5A-927E-6F97397B4232}
		{7E43B47B-6B55-4C77-AE02-BCB415C2B850} = {C7995137-10B0-47D6-94CA-C5193E486B8F}
		{8A4BA635-872E-4A28-9E96-791256BF2FE8} = {C7995137-10B0-47D6-94CA-C5193E486B8F}
		{3E59D441-8BDD-4484-93C6-D6893C0B7E15} = {C7995137-10B0-47D6-94CA-C5193E486B8F}
		{4BE5297C-19DE-45D5-8B47-59AA95296937} = {7E43B47B-6B55-4C77-AE02-BCB415C2B850}
		{EB11D370-709C-4FEB-969B-E47F67C07E42} = {8A4BA635-872E-4A28-9E96-791256BF2FE8}
		{596CCE7F-2BC9-436E-AD1B-3A51FDD53614} = {8A4BA635-872E-4A28-9E96-791256BF2FE8}
		{E5A72814-FCD4-472D-A829-BE039929070B} = {3E59D441-8BDD-4484-93C6-D6893C0B7E15}
	EndGlobalSection
	GlobalSection(ExtensibilityGlobals) = postSolution
		SolutionGuid = {97D504F5-EA90-4CE3-BBD2-713135381992}
	EndGlobalSection
EndGlobal
