
Microsoft Visual Studio Solution File, Format Version 12.00
# Visual Studio Version 17
VisualStudioVersion = 17.4.33110.190
MinimumVisualStudioVersion = 10.0.40219.1
Project("{2150E333-8FDC-42A3-9474-1A3956D46DE8}") = "Solution Items", "Solution Items", "{B9228BA8-CD33-459B-8242-77137938114D}"
	ProjectSection(SolutionItems) = preProject
		.gitattributes = .gitattributes
		.gitignore = .gitignore
		README.md = README.md
	EndProjectSection
EndProject
Project("{2150E333-8FDC-42A3-9474-1A3956D46DE8}") = "src", "src", "{7A57E6FD-B65B-41C9-8639-FD82FF556287}"
EndProject
Project("{2150E333-8FDC-42A3-9474-1A3956D46DE8}") = "Infrastructure", "Infrastructure", "{2FA0A84E-0B5A-48ED-ABEA-1D3C9EDA46CB}"
EndProject
Project("{2150E333-8FDC-42A3-9474-1A3956D46DE8}") = "Cache", "Cache", "{E5CC0A4C-5CE2-407C-AC84-F4900A17ACBF}"
EndProject
Project("{2150E333-8FDC-42A3-9474-1A3956D46DE8}") = "Persistence", "Persistence", "{52DF5516-EB59-42AD-9F37-F582DCD84AC7}"
EndProject
Project("{2150E333-8FDC-42A3-9474-1A3956D46DE8}") = "Share", "Share", "{E089B79A-739A-4B0E-9E11-0FE6A08C4AEB}"
EndProject
Project("{2150E333-8FDC-42A3-9474-1A3956D46DE8}") = "Security", "Security", "{2424556E-45C4-4D40-9A0F-D9B71B560690}"
EndProject
Project("{2150E333-8FDC-42A3-9474-1A3956D46DE8}") = "Services", "Services", "{292D7B84-E10F-4D5A-927E-6F97397B4232}"
EndProject
Project("{2150E333-8FDC-42A3-9474-1A3956D46DE8}") = "Example", "Example", "{E3C32324-85DB-4B0F-8A2E-F64960BA1C02}"
EndProject
Project("{2150E333-8FDC-42A3-9474-1A3956D46DE8}") = "Domain", "Domain", "{5594E9B1-CEF3-4D5D-8880-099505B5FB31}"
EndProject
Project("{2150E333-8FDC-42A3-9474-1A3956D46DE8}") = "Infrastructure", "Infrastructure", "{6BE7FFA6-6D1F-4147-B3A8-B07E407046DA}"
EndProject
Project("{2150E333-8FDC-42A3-9474-1A3956D46DE8}") = "Entities", "Entities", "{5CA701B4-6E5B-4343-8237-DCBB3AC35206}"
EndProject
Project("{2150E333-8FDC-42A3-9474-1A3956D46DE8}") = "Logic", "Logic", "{256B7283-5E9F-4336-8C4A-9D7925DB3C5D}"
EndProject
Project("{2150E333-8FDC-42A3-9474-1A3956D46DE8}") = "Exception", "Exception", "{5F0E9B3E-F8DB-489C-B1DC-BBE3179A41EA}"
EndProject
Project("{2150E333-8FDC-42A3-9474-1A3956D46DE8}") = "Logger", "Logger", "{86CE0B4A-B50A-4FA8-A36D-25A5917E2B75}"
EndProject
Project("{2150E333-8FDC-42A3-9474-1A3956D46DE8}") = "Handlers", "Handlers", "{BA601361-E198-48EE-9547-C680DC393480}"
EndProject
Project("{2150E333-8FDC-42A3-9474-1A3956D46DE8}") = "Persistence", "Persistence", "{64183F8A-64FC-4227-A056-316BECB0C18A}"
EndProject
Project("{2150E333-8FDC-42A3-9474-1A3956D46DE8}") = "Ioc", "Ioc", "{737B2DEA-E774-48B9-B8A6-DC4283575A0C}"
EndProject
Project("{2150E333-8FDC-42A3-9474-1A3956D46DE8}") = "Tests", "Tests", "{783E2E49-5EC1-4E72-9D02-B54649945D59}"
EndProject
Project("{FAE04EC0-301F-11D3-BF4B-00C04F79EFBC}") = "Ciizo.Infrastructure.Persistence", "src\Infrastructure\Persistence\Ciizo.Infrastructure.Persistence\Ciizo.Infrastructure.Persistence.csproj", "{AFC2C342-8DB8-409E-9E76-7ED515C37B62}"
EndProject
Project("{FAE04EC0-301F-11D3-BF4B-00C04F79EFBC}") = "Ciizo.Infrastructure.Share", "src\Infrastructure\Share\Ciizo.Infrastructure.Share\Ciizo.Infrastructure.Share.csproj", "{E43A4B3C-91DB-4ACE-8311-E1C7089C0AA8}"
EndProject
Project("{FAE04EC0-301F-11D3-BF4B-00C04F79EFBC}") = "Ciizo.Infrastructure.Security", "src\Infrastructure\Security\Ciizo.Infrastructure.Security\Ciizo.Infrastructure.Security.csproj", "{418C2B1E-65DE-4C62-B23F-7304A28D24F9}"
EndProject
Project("{FAE04EC0-301F-11D3-BF4B-00C04F79EFBC}") = "Ciizo.Example.Api", "src\Services\Example\Handlers\Ciizo.Example.Api\Ciizo.Example.Api.csproj", "{8DC58306-8F5B-4BDE-8414-52E79B7BD73D}"
EndProject
Global
	GlobalSection(SolutionConfigurationPlatforms) = preSolution
		Debug|Any CPU = Debug|Any CPU
		Release|Any CPU = Release|Any CPU
	EndGlobalSection
	GlobalSection(ProjectConfigurationPlatforms) = postSolution
		{AFC2C342-8DB8-409E-9E76-7ED515C37B62}.Debug|Any CPU.ActiveCfg = Debug|Any CPU
		{AFC2C342-8DB8-409E-9E76-7ED515C37B62}.Debug|Any CPU.Build.0 = Debug|Any CPU
		{AFC2C342-8DB8-409E-9E76-7ED515C37B62}.Release|Any CPU.ActiveCfg = Release|Any CPU
		{AFC2C342-8DB8-409E-9E76-7ED515C37B62}.Release|Any CPU.Build.0 = Release|Any CPU
		{E43A4B3C-91DB-4ACE-8311-E1C7089C0AA8}.Debug|Any CPU.ActiveCfg = Debug|Any CPU
		{E43A4B3C-91DB-4ACE-8311-E1C7089C0AA8}.Debug|Any CPU.Build.0 = Debug|Any CPU
		{E43A4B3C-91DB-4ACE-8311-E1C7089C0AA8}.Release|Any CPU.ActiveCfg = Release|Any CPU
		{E43A4B3C-91DB-4ACE-8311-E1C7089C0AA8}.Release|Any CPU.Build.0 = Release|Any CPU
		{418C2B1E-65DE-4C62-B23F-7304A28D24F9}.Debug|Any CPU.ActiveCfg = Debug|Any CPU
		{418C2B1E-65DE-4C62-B23F-7304A28D24F9}.Debug|Any CPU.Build.0 = Debug|Any CPU
		{418C2B1E-65DE-4C62-B23F-7304A28D24F9}.Release|Any CPU.ActiveCfg = Release|Any CPU
		{418C2B1E-65DE-4C62-B23F-7304A28D24F9}.Release|Any CPU.Build.0 = Release|Any CPU
		{8DC58306-8F5B-4BDE-8414-52E79B7BD73D}.Debug|Any CPU.ActiveCfg = Debug|Any CPU
		{8DC58306-8F5B-4BDE-8414-52E79B7BD73D}.Debug|Any CPU.Build.0 = Debug|Any CPU
		{8DC58306-8F5B-4BDE-8414-52E79B7BD73D}.Release|Any CPU.ActiveCfg = Release|Any CPU
		{8DC58306-8F5B-4BDE-8414-52E79B7BD73D}.Release|Any CPU.Build.0 = Release|Any CPU
	EndGlobalSection
	GlobalSection(SolutionProperties) = preSolution
		HideSolutionNode = FALSE
	EndGlobalSection
	GlobalSection(NestedProjects) = preSolution
		{2FA0A84E-0B5A-48ED-ABEA-1D3C9EDA46CB} = {7A57E6FD-B65B-41C9-8639-FD82FF556287}
		{E5CC0A4C-5CE2-407C-AC84-F4900A17ACBF} = {2FA0A84E-0B5A-48ED-ABEA-1D3C9EDA46CB}
		{52DF5516-EB59-42AD-9F37-F582DCD84AC7} = {2424556E-45C4-4D40-9A0F-D9B71B560690}
		{E089B79A-739A-4B0E-9E11-0FE6A08C4AEB} = {2FA0A84E-0B5A-48ED-ABEA-1D3C9EDA46CB}
		{2424556E-45C4-4D40-9A0F-D9B71B560690} = {2FA0A84E-0B5A-48ED-ABEA-1D3C9EDA46CB}
		{292D7B84-E10F-4D5A-927E-6F97397B4232} = {7A57E6FD-B65B-41C9-8639-FD82FF556287}
		{E3C32324-85DB-4B0F-8A2E-F64960BA1C02} = {292D7B84-E10F-4D5A-927E-6F97397B4232}
		{5594E9B1-CEF3-4D5D-8880-099505B5FB31} = {E3C32324-85DB-4B0F-8A2E-F64960BA1C02}
		{6BE7FFA6-6D1F-4147-B3A8-B07E407046DA} = {E3C32324-85DB-4B0F-8A2E-F64960BA1C02}
		{5CA701B4-6E5B-4343-8237-DCBB3AC35206} = {5594E9B1-CEF3-4D5D-8880-099505B5FB31}
		{256B7283-5E9F-4336-8C4A-9D7925DB3C5D} = {5594E9B1-CEF3-4D5D-8880-099505B5FB31}
		{5F0E9B3E-F8DB-489C-B1DC-BBE3179A41EA} = {2FA0A84E-0B5A-48ED-ABEA-1D3C9EDA46CB}
		{86CE0B4A-B50A-4FA8-A36D-25A5917E2B75} = {2FA0A84E-0B5A-48ED-ABEA-1D3C9EDA46CB}
		{BA601361-E198-48EE-9547-C680DC393480} = {E3C32324-85DB-4B0F-8A2E-F64960BA1C02}
		{64183F8A-64FC-4227-A056-316BECB0C18A} = {6BE7FFA6-6D1F-4147-B3A8-B07E407046DA}
		{737B2DEA-E774-48B9-B8A6-DC4283575A0C} = {E089B79A-739A-4B0E-9E11-0FE6A08C4AEB}
		{783E2E49-5EC1-4E72-9D02-B54649945D59} = {E3C32324-85DB-4B0F-8A2E-F64960BA1C02}
		{AFC2C342-8DB8-409E-9E76-7ED515C37B62} = {52DF5516-EB59-42AD-9F37-F582DCD84AC7}
		{E43A4B3C-91DB-4ACE-8311-E1C7089C0AA8} = {E089B79A-739A-4B0E-9E11-0FE6A08C4AEB}
		{418C2B1E-65DE-4C62-B23F-7304A28D24F9} = {2424556E-45C4-4D40-9A0F-D9B71B560690}
		{8DC58306-8F5B-4BDE-8414-52E79B7BD73D} = {BA601361-E198-48EE-9547-C680DC393480}
	EndGlobalSection
	GlobalSection(ExtensibilityGlobals) = postSolution
		SolutionGuid = {97D504F5-EA90-4CE3-BBD2-713135381992}
	EndGlobalSection
EndGlobal
